
Microsoft Visual Studio Solution File, Format Version 12.00
# Visual Studio Version 18
VisualStudioVersion = 18.5.11709.299 stable
MinimumVisualStudioVersion = 10.0.40219.1
Project("{FAE04EC0-301F-11D3-BF4B-00C04F79EFBC}") = "TestApp", "TestApp\TestApp.csproj", "{84A3158E-C641-D6E9-52D9-83F8647BD761}"
EndProject
Global
	GlobalSection(SolutionConfigurationPlatforms) = preSolution
		Debug|Any CPU = Debug|Any CPU
		Release|Any CPU = Release|Any CPU
	EndGlobalSection
	GlobalSection(ProjectConfigurationPlatforms) = postSolution
		{84A3158E-C641-D6E9-52D9-83F8647BD761}.Debug|Any CPU.ActiveCfg = Debug|Any CPU
		{84A3158E-C641-D6E9-52D9-83F8647BD761}.Debug|Any CPU.Build.0 = Debug|Any CPU
		{84A3158E-C641-D6E9-52D9-83F8647BD761}.Release|Any CPU.ActiveCfg = Release|Any CPU
		{84A3158E-C641-D6E9-52D9-83F8647BD761}.Release|Any CPU.Build.0 = Release|Any CPU
	EndGlobalSection
	GlobalSection(SolutionProperties) = preSolution
		HideSolutionNode = FALSE
	EndGlobalSection
	GlobalSection(ExtensibilityGlobals) = postSolution
		SolutionGuid = {DC78EBF7-B2B4-48FF-A534-4F69E70D355D}
	EndGlobalSection
EndGlobal
